
Microsoft Visual Studio Solution File, Format Version 12.00
# Visual Studio 15
VisualStudioVersion = 15.0.28010.2048
MinimumVisualStudioVersion = 10.0.40219.1
Project("{FAE04EC0-301F-11D3-BF4B-00C04F79EFBC}") = "AlgorithmsDataStructures2", "AlgorithmsDataStructures2\AlgorithmsDataStructures2.csproj", "{E7842FA5-75D0-4848-B3FF-ED1F2479B4F0}"
EndProject
Project("{FAE04EC0-301F-11D3-BF4B-00C04F79EFBC}") = "AlgoTest_1", "AlgoTest_1\AlgoTest_1.csproj", "{E40496F8-C58F-4D33-BA5C-F98EDE340FE2}"
EndProject
Global
	GlobalSection(SolutionConfigurationPlatforms) = preSolution
		Debug|Any CPU = Debug|Any CPU
		Release|Any CPU = Release|Any CPU
	EndGlobalSection
	GlobalSection(ProjectConfigurationPlatforms) = postSolution
		{E7842FA5-75D0-4848-B3FF-ED1F2479B4F0}.Debug|Any CPU.ActiveCfg = Debug|Any CPU
		{E7842FA5-75D0-4848-B3FF-ED1F2479B4F0}.Debug|Any CPU.Build.0 = Debug|Any CPU
		{E7842FA5-75D0-4848-B3FF-ED1F2479B4F0}.Release|Any CPU.ActiveCfg = Release|Any CPU
		{E7842FA5-75D0-4848-B3FF-ED1F2479B4F0}.Release|Any CPU.Build.0 = Release|Any CPU
		{E40496F8-C58F-4D33-BA5C-F98EDE340FE2}.Debug|Any CPU.ActiveCfg = Debug|Any CPU
		{E40496F8-C58F-4D33-BA5C-F98EDE340FE2}.Debug|Any CPU.Build.0 = Debug|Any CPU
		{E40496F8-C58F-4D33-BA5C-F98EDE340FE2}.Release|Any CPU.ActiveCfg = Release|Any CPU
		{E40496F8-C58F-4D33-BA5C-F98EDE340FE2}.Release|Any CPU.Build.0 = Release|Any CPU
	EndGlobalSection
	GlobalSection(SolutionProperties) = preSolution
		HideSolutionNode = FALSE
	EndGlobalSection
	GlobalSection(ExtensibilityGlobals) = postSolution
		SolutionGuid = {A30A2889-BEEF-430A-8BF0-DA31D9CE05AA}
	EndGlobalSection
EndGlobal
